// !$*UTF8*$!
{
	archiveVersion = 1;
	classes = {
	};
	objectVersion = 48;
	objects = {

/* Begin PBXBuildFile section */
		5CF55A79F9714562C13C0832 /* Pods_ChartRocks.framework in Frameworks */ = {isa = PBXBuildFile; fileRef = AEB4C57DB64A392D525C4949 /* Pods_ChartRocks.framework */; };
		CF5CD1CF1F8AAFE00027F7DA /* AppDelegate.swift in Sources */ = {isa = PBXBuildFile; fileRef = CF5CD1CE1F8AAFE00027F7DA /* AppDelegate.swift */; };
		CF5CD1D11F8AAFE00027F7DA /* ViewController.swift in Sources */ = {isa = PBXBuildFile; fileRef = CF5CD1D01F8AAFE00027F7DA /* ViewController.swift */; };
		CF5CD1D41F8AAFE00027F7DA /* Main.storyboard in Resources */ = {isa = PBXBuildFile; fileRef = CF5CD1D21F8AAFE00027F7DA /* Main.storyboard */; };
		CF5CD1D61F8AAFE00027F7DA /* Assets.xcassets in Resources */ = {isa = PBXBuildFile; fileRef = CF5CD1D51F8AAFE00027F7DA /* Assets.xcassets */; };
		CF5CD1D91F8AAFE10027F7DA /* LaunchScreen.storyboard in Resources */ = {isa = PBXBuildFile; fileRef = CF5CD1D71F8AAFE10027F7DA /* LaunchScreen.storyboard */; };
		CF836C031F8E8A3E00AAD8B3 /* UnitValueFormatter.swift in Sources */ = {isa = PBXBuildFile; fileRef = CF836C021F8E8A3E00AAD8B3 /* UnitValueFormatter.swift */; };
/* End PBXBuildFile section */

/* Begin PBXFileReference section */
		25AF891427DED7188D8F7DEB /* Pods-ChartRocks.debug.xcconfig */ = {isa = PBXFileReference; includeInIndex = 1; lastKnownFileType = text.xcconfig; name = "Pods-ChartRocks.debug.xcconfig"; path = "Pods/Target Support Files/Pods-ChartRocks/Pods-ChartRocks.debug.xcconfig"; sourceTree = "<group>"; };
		A849F88DC60AB7475EDAEAB4 /* Pods-ChartRocks.release.xcconfig */ = {isa = PBXFileReference; includeInIndex = 1; lastKnownFileType = text.xcconfig; name = "Pods-ChartRocks.release.xcconfig"; path = "Pods/Target Support Files/Pods-ChartRocks/Pods-ChartRocks.release.xcconfig"; sourceTree = "<group>"; };
		AEB4C57DB64A392D525C4949 /* Pods_ChartRocks.framework */ = {isa = PBXFileReference; explicitFileType = wrapper.framework; includeInIndex = 0; path = Pods_ChartRocks.framework; sourceTree = BUILT_PRODUCTS_DIR; };
		CF5CD1CB1F8AAFE00027F7DA /* ChartRocks.app */ = {isa = PBXFileReference; explicitFileType = wrapper.application; includeInIndex = 0; path = ChartRocks.app; sourceTree = BUILT_PRODUCTS_DIR; };
		CF5CD1CE1F8AAFE00027F7DA /* AppDelegate.swift */ = {isa = PBXFileReference; lastKnownFileType = sourcecode.swift; path = AppDelegate.swift; sourceTree = "<group>"; };
		CF5CD1D01F8AAFE00027F7DA /* ViewController.swift */ = {isa = PBXFileReference; lastKnownFileType = sourcecode.swift; path = ViewController.swift; sourceTree = "<group>"; };
		CF5CD1D31F8AAFE00027F7DA /* Base */ = {isa = PBXFileReference; lastKnownFileType = file.storyboard; name = Base; path = Base.lproj/Main.storyboard; sourceTree = "<group>"; };
		CF5CD1D51F8AAFE00027F7DA /* Assets.xcassets */ = {isa = PBXFileReference; lastKnownFileType = folder.assetcatalog; path = Assets.xcassets; sourceTree = "<group>"; };
		CF5CD1D81F8AAFE10027F7DA /* Base */ = {isa = PBXFileReference; lastKnownFileType = file.storyboard; name = Base; path = Base.lproj/LaunchScreen.storyboard; sourceTree = "<group>"; };
		CF5CD1DA1F8AAFE10027F7DA /* Info.plist */ = {isa = PBXFileReference; lastKnownFileType = text.plist.xml; path = Info.plist; sourceTree = "<group>"; };
		CF836C021F8E8A3E00AAD8B3 /* UnitValueFormatter.swift */ = {isa = PBXFileReference; lastKnownFileType = sourcecode.swift; path = UnitValueFormatter.swift; sourceTree = "<group>"; };
/* End PBXFileReference section */

/* Begin PBXFrameworksBuildPhase section */
		CF5CD1C81F8AAFE00027F7DA /* Frameworks */ = {
			isa = PBXFrameworksBuildPhase;
			buildActionMask = 2147483647;
			files = (
				5CF55A79F9714562C13C0832 /* Pods_ChartRocks.framework in Frameworks */,
			);
			runOnlyForDeploymentPostprocessing = 0;
		};
/* End PBXFrameworksBuildPhase section */

/* Begin PBXGroup section */
		831BEFCA021FA854AA5AD7F9 /* Pods */ = {
			isa = PBXGroup;
			children = (
				25AF891427DED7188D8F7DEB /* Pods-ChartRocks.debug.xcconfig */,
				A849F88DC60AB7475EDAEAB4 /* Pods-ChartRocks.release.xcconfig */,
			);
			name = Pods;
			sourceTree = "<group>";
		};
		9CB0D6389E53559F5E238C2E /* Frameworks */ = {
			isa = PBXGroup;
			children = (
				AEB4C57DB64A392D525C4949 /* Pods_ChartRocks.framework */,
			);
			name = Frameworks;
			sourceTree = "<group>";
		};
		CF5CD1C21F8AAFE00027F7DA = {
			isa = PBXGroup;
			children = (
				CF5CD1CD1F8AAFE00027F7DA /* ChartRocks */,
				CF5CD1CC1F8AAFE00027F7DA /* Products */,
				831BEFCA021FA854AA5AD7F9 /* Pods */,
				9CB0D6389E53559F5E238C2E /* Frameworks */,
			);
			sourceTree = "<group>";
		};
		CF5CD1CC1F8AAFE00027F7DA /* Products */ = {
			isa = PBXGroup;
			children = (
				CF5CD1CB1F8AAFE00027F7DA /* ChartRocks.app */,
			);
			name = Products;
			sourceTree = "<group>";
		};
		CF5CD1CD1F8AAFE00027F7DA /* ChartRocks */ = {
			isa = PBXGroup;
			children = (
				CF5CD1CE1F8AAFE00027F7DA /* AppDelegate.swift */,
				CF5CD1D01F8AAFE00027F7DA /* ViewController.swift */,
				CF836C021F8E8A3E00AAD8B3 /* UnitValueFormatter.swift */,
				CF5CD1D21F8AAFE00027F7DA /* Main.storyboard */,
				CF5CD1D51F8AAFE00027F7DA /* Assets.xcassets */,
				CF5CD1D71F8AAFE10027F7DA /* LaunchScreen.storyboard */,
				CF5CD1DA1F8AAFE10027F7DA /* Info.plist */,
			);
			path = ChartRocks;
			sourceTree = "<group>";
		};
/* End PBXGroup section */

/* Begin PBXNativeTarget section */
		CF5CD1CA1F8AAFE00027F7DA /* ChartRocks */ = {
			isa = PBXNativeTarget;
			buildConfigurationList = CF5CD1DD1F8AAFE10027F7DA /* Build configuration list for PBXNativeTarget "ChartRocks" */;
			buildPhases = (
				C651468CFE8F1EDCF9B42D85 /* [CP] Check Pods Manifest.lock */,
				CF5CD1C71F8AAFE00027F7DA /* Sources */,
				CF5CD1C81F8AAFE00027F7DA /* Frameworks */,
				CF5CD1C91F8AAFE00027F7DA /* Resources */,
				117F47C2A9003A75B21501F1 /* [CP] Embed Pods Frameworks */,
				D66A5DC57FBE6C70FEB08F8D /* [CP] Copy Pods Resources */,
			);
			buildRules = (
			);
			dependencies = (
			);
			name = ChartRocks;
			productName = ChartRocks;
			productReference = CF5CD1CB1F8AAFE00027F7DA /* ChartRocks.app */;
			productType = "com.apple.product-type.application";
		};
/* End PBXNativeTarget section */

/* Begin PBXProject section */
		CF5CD1C31F8AAFE00027F7DA /* Project object */ = {
			isa = PBXProject;
			attributes = {
				LastSwiftUpdateCheck = 0900;
				LastUpgradeCheck = 0900;
				ORGANIZATIONNAME = "João Marcelo Souza";
				TargetAttributes = {
					CF5CD1CA1F8AAFE00027F7DA = {
						CreatedOnToolsVersion = 9.0;
						ProvisioningStyle = Automatic;
					};
				};
			};
			buildConfigurationList = CF5CD1C61F8AAFE00027F7DA /* Build configuration list for PBXProject "ChartRocks" */;
			compatibilityVersion = "Xcode 8.0";
			developmentRegion = en;
			hasScannedForEncodings = 0;
			knownRegions = (
				en,
				Base,
			);
			mainGroup = CF5CD1C21F8AAFE00027F7DA;
			productRefGroup = CF5CD1CC1F8AAFE00027F7DA /* Products */;
			projectDirPath = "";
			projectRoot = "";
			targets = (
				CF5CD1CA1F8AAFE00027F7DA /* ChartRocks */,
			);
		};
/* End PBXProject section */

/* Begin PBXResourcesBuildPhase section */
		CF5CD1C91F8AAFE00027F7DA /* Resources */ = {
			isa = PBXResourcesBuildPhase;
			buildActionMask = 2147483647;
			files = (
				CF5CD1D91F8AAFE10027F7DA /* LaunchScreen.storyboard in Resources */,
				CF5CD1D61F8AAFE00027F7DA /* Assets.xcassets in Resources */,
				CF5CD1D41F8AAFE00027F7DA /* Main.storyboard in Resources */,
			);
			runOnlyForDeploymentPostprocessing = 0;
		};
/* End PBXResourcesBuildPhase section */

/* Begin PBXShellScriptBuildPhase section */
		117F47C2A9003A75B21501F1 /* [CP] Embed Pods Frameworks */ = {
			isa = PBXShellScriptBuildPhase;
			buildActionMask = 2147483647;
			files = (
			);
			inputPaths = (
				"${SRCROOT}/Pods/Target Support Files/Pods-ChartRocks/Pods-ChartRocks-frameworks.sh",
				"${BUILT_PRODUCTS_DIR}/Charts/Charts.framework",
			);
			name = "[CP] Embed Pods Frameworks";
			outputPaths = (
				"${TARGET_BUILD_DIR}/${FRAMEWORKS_FOLDER_PATH}/Charts.framework",
			);
			runOnlyForDeploymentPostprocessing = 0;
			shellPath = /bin/sh;
			shellScript = "\"${SRCROOT}/Pods/Target Support Files/Pods-ChartRocks/Pods-ChartRocks-frameworks.sh\"\n";
			showEnvVarsInLog = 0;
		};
		C651468CFE8F1EDCF9B42D85 /* [CP] Check Pods Manifest.lock */ = {
			isa = PBXShellScriptBuildPhase;
			buildActionMask = 2147483647;
			files = (
			);
			inputPaths = (
				"${PODS_PODFILE_DIR_PATH}/Podfile.lock",
				"${PODS_ROOT}/Manifest.lock",
			);
			name = "[CP] Check Pods Manifest.lock";
			outputPaths = (
				"$(DERIVED_FILE_DIR)/Pods-ChartRocks-checkManifestLockResult.txt",
			);
			runOnlyForDeploymentPostprocessing = 0;
			shellPath = /bin/sh;
			shellScript = "diff \"${PODS_PODFILE_DIR_PATH}/Podfile.lock\" \"${PODS_ROOT}/Manifest.lock\" > /dev/null\nif [ $? != 0 ] ; then\n    # print error to STDERR\n    echo \"error: The sandbox is not in sync with the Podfile.lock. Run 'pod install' or update your CocoaPods installation.\" >&2\n    exit 1\nfi\n# This output is used by Xcode 'outputs' to avoid re-running this script phase.\necho \"SUCCESS\" > \"${SCRIPT_OUTPUT_FILE_0}\"\n";
			showEnvVarsInLog = 0;
		};
		D66A5DC57FBE6C70FEB08F8D /* [CP] Copy Pods Resources */ = {
			isa = PBXShellScriptBuildPhase;
			buildActionMask = 2147483647;
			files = (
			);
			inputPaths = (
			);
			name = "[CP] Copy Pods Resources";
			outputPaths = (
			);
			runOnlyForDeploymentPostprocessing = 0;
			shellPath = /bin/sh;
			shellScript = "\"${SRCROOT}/Pods/Target Support Files/Pods-ChartRocks/Pods-ChartRocks-resources.sh\"\n";
			showEnvVarsInLog = 0;
		};
/* End PBXShellScriptBuildPhase section */

/* Begin PBXSourcesBuildPhase section */
		CF5CD1C71F8AAFE00027F7DA /* Sources */ = {
			isa = PBXSourcesBuildPhase;
			buildActionMask = 2147483647;
			files = (
				CF5CD1D11F8AAFE00027F7DA /* ViewController.swift in Sources */,
				CF5CD1CF1F8AAFE00027F7DA /* AppDelegate.swift in Sources */,
				CF836C031F8E8A3E00AAD8B3 /* UnitValueFormatter.swift in Sources */,
			);
			runOnlyForDeploymentPostprocessing = 0;
		};
/* End PBXSourcesBuildPhase section */

/* Begin PBXVariantGroup section */
		CF5CD1D21F8AAFE00027F7DA /* Main.storyboard */ = {
			isa = PBXVariantGroup;
			children = (
				CF5CD1D31F8AAFE00027F7DA /* Base */,
			);
			name = Main.storyboard;
			sourceTree = "<group>";
		};
		CF5CD1D71F8AAFE10027F7DA /* LaunchScreen.storyboard */ = {
			isa = PBXVariantGroup;
			children = (
				CF5CD1D81F8AAFE10027F7DA /* Base */,
			);
			name = LaunchScreen.storyboard;
			sourceTree = "<group>";
		};
/* End PBXVariantGroup section */

/* Begin XCBuildConfiguration section */
		CF5CD1DB1F8AAFE10027F7DA /* Debug */ = {
			isa = XCBuildConfiguration;
			buildSettings = {
				ALWAYS_SEARCH_USER_PATHS = NO;
				CLANG_ANALYZER_NONNULL = YES;
				CLANG_ANALYZER_NUMBER_OBJECT_CONVERSION = YES_AGGRESSIVE;
				CLANG_CXX_LANGUAGE_STANDARD = "gnu++14";
				CLANG_CXX_LIBRARY = "libc++";
				CLANG_ENABLE_MODULES = YES;
				CLANG_ENABLE_OBJC_ARC = YES;
				CLANG_WARN_BLOCK_CAPTURE_AUTORELEASING = YES;
				CLANG_WARN_BOOL_CONVERSION = YES;
				CLANG_WARN_COMMA = YES;
				CLANG_WARN_CONSTANT_CONVERSION = YES;
				CLANG_WARN_DIRECT_OBJC_ISA_USAGE = YES_ERROR;
				CLANG_WARN_DOCUMENTATION_COMMENTS = YES;
				CLANG_WARN_EMPTY_BODY = YES;
				CLANG_WARN_ENUM_CONVERSION = YES;
				CLANG_WARN_INFINITE_RECURSION = YES;
				CLANG_WARN_INT_CONVERSION = YES;
				CLANG_WARN_NON_LITERAL_NULL_CONVERSION = YES;
				CLANG_WARN_OBJC_LITERAL_CONVERSION = YES;
				CLANG_WARN_OBJC_ROOT_CLASS = YES_ERROR;
				CLANG_WARN_RANGE_LOOP_ANALYSIS = YES;
				CLANG_WARN_STRICT_PROTOTYPES = YES;
				CLANG_WARN_SUSPICIOUS_MOVE = YES;
				CLANG_WARN_UNGUARDED_AVAILABILITY = YES_AGGRESSIVE;
				CLANG_WARN_UNREACHABLE_CODE = YES;
				CLANG_WARN__DUPLICATE_METHOD_MATCH = YES;
				CODE_SIGN_IDENTITY = "iPhone Developer";
				COPY_PHASE_STRIP = NO;
				DEBUG_INFORMATION_FORMAT = dwarf;
				ENABLE_STRICT_OBJC_MSGSEND = YES;
				ENABLE_TESTABILITY = YES;
				GCC_C_LANGUAGE_STANDARD = gnu11;
				GCC_DYNAMIC_NO_PIC = NO;
				GCC_NO_COMMON_BLOCKS = YES;
				GCC_OPTIMIZATION_LEVEL = 0;
				GCC_PREPROCESSOR_DEFINITIONS = (
					"DEBUG=1",
					"$(inherited)",
				);
				GCC_WARN_64_TO_32_BIT_CONVERSION = YES;
				GCC_WARN_ABOUT_RETURN_TYPE = YES_ERROR;
				GCC_WARN_UNDECLARED_SELECTOR = YES;
				GCC_WARN_UNINITIALIZED_AUTOS = YES_AGGRESSIVE;
				GCC_WARN_UNUSED_FUNCTION = YES;
				GCC_WARN_UNUSED_VARIABLE = YES;
				IPHONEOS_DEPLOYMENT_TARGET = 11.0;
				MTL_ENABLE_DEBUG_INFO = YES;
				ONLY_ACTIVE_ARCH = YES;
				SDKROOT = iphoneos;
				SWIFT_ACTIVE_COMPILATION_CONDITIONS = DEBUG;
				SWIFT_OPTIMIZATION_LEVEL = "-Onone";
			};
			name = Debug;
		};
		CF5CD1DC1F8AAFE10027F7DA /* Release */ = {
			isa = XCBuildConfiguration;
			buildSettings = {
				ALWAYS_SEARCH_USER_PATHS = NO;
				CLANG_ANALYZER_NONNULL = YES;
				CLANG_ANALYZER_NUMBER_OBJECT_CONVERSION = YES_AGGRESSIVE;
				CLANG_CXX_LANGUAGE_STANDARD = "gnu++14";
				CLANG_CXX_LIBRARY = "libc++";
				CLANG_ENABLE_MODULES = YES;
				CLANG_ENABLE_OBJC_ARC = YES;
				CLANG_WARN_BLOCK_CAPTURE_AUTORELEASING = YES;
				CLANG_WARN_BOOL_CONVERSION = YES;
				CLANG_WARN_COMMA = YES;
				CLANG_WARN_CONSTANT_CONVERSION = YES;
				CLANG_WARN_DIRECT_OBJC_ISA_USAGE = YES_ERROR;
				CLANG_WARN_DOCUMENTATION_COMMENTS = YES;
				CLANG_WARN_EMPTY_BODY = YES;
				CLANG_WARN_ENUM_CONVERSION = YES;
				CLANG_WARN_INFINITE_RECURSION = YES;
				CLANG_WARN_INT_CONVERSION = YES;
				CLANG_WARN_NON_LITERAL_NULL_CONVERSION = YES;
				CLANG_WARN_OBJC_LITERAL_CONVERSION = YES;
				CLANG_WARN_OBJC_ROOT_CLASS = YES_ERROR;
				CLANG_WARN_RANGE_LOOP_ANALYSIS = YES;
				CLANG_WARN_STRICT_PROTOTYPES = YES;
				CLANG_WARN_SUSPICIOUS_MOVE = YES;
				CLANG_WARN_UNGUARDED_AVAILABILITY = YES_AGGRESSIVE;
				CLANG_WARN_UNREACHABLE_CODE = YES;
				CLANG_WARN__DUPLICATE_METHOD_MATCH = YES;
				CODE_SIGN_IDENTITY = "iPhone Developer";
				COPY_PHASE_STRIP = NO;
				DEBUG_INFORMATION_FORMAT = "dwarf-with-dsym";
				ENABLE_NS_ASSERTIONS = NO;
				ENABLE_STRICT_OBJC_MSGSEND = YES;
				GCC_C_LANGUAGE_STANDARD = gnu11;
				GCC_NO_COMMON_BLOCKS = YES;
				GCC_WARN_64_TO_32_BIT_CONVERSION = YES;
				GCC_WARN_ABOUT_RETURN_TYPE = YES_ERROR;
				GCC_WARN_UNDECLARED_SELECTOR = YES;
				GCC_WARN_UNINITIALIZED_AUTOS = YES_AGGRESSIVE;
				GCC_WARN_UNUSED_FUNCTION = YES;
				GCC_WARN_UNUSED_VARIABLE = YES;
				IPHONEOS_DEPLOYMENT_TARGET = 11.0;
				MTL_ENABLE_DEBUG_INFO = NO;
				SDKROOT = iphoneos;
				SWIFT_OPTIMIZATION_LEVEL = "-Owholemodule";
				VALIDATE_PRODUCT = YES;
			};
			name = Release;
		};
		CF5CD1DE1F8AAFE10027F7DA /* Debug */ = {
			isa = XCBuildConfiguration;
			baseConfigurationReference = 25AF891427DED7188D8F7DEB /* Pods-ChartRocks.debug.xcconfig */;
			buildSettings = {
				ASSETCATALOG_COMPILER_APPICON_NAME = AppIcon;
				CODE_SIGN_STYLE = Automatic;
				DEVELOPMENT_TEAM = 2LWKNR2T2F;
				INFOPLIST_FILE = ChartRocks/Info.plist;
				IPHONEOS_DEPLOYMENT_TARGET = 10.0;
				LD_RUNPATH_SEARCH_PATHS = "$(inherited) @executable_path/Frameworks";
				PRODUCT_BUNDLE_IDENTIFIER = com.example.ChartRocks;
				PRODUCT_NAME = "$(TARGET_NAME)";
				SWIFT_VERSION = 4.0;
				TARGETED_DEVICE_FAMILY = "1,2";
			};
			name = Debug;
		};
		CF5CD1DF1F8AAFE10027F7DA /* Release */ = {
			isa = XCBuildConfiguration;
			baseConfigurationReference = A849F88DC60AB7475EDAEAB4 /* Pods-ChartRocks.release.xcconfig */;
			buildSettings = {
				ASSETCATALOG_COMPILER_APPICON_NAME = AppIcon;
				CODE_SIGN_STYLE = Automatic;
				DEVELOPMENT_TEAM = 2LWKNR2T2F;
				INFOPLIST_FILE = ChartRocks/Info.plist;
				IPHONEOS_DEPLOYMENT_TARGET = 10.0;
				LD_RUNPATH_SEARCH_PATHS = "$(inherited) @executable_path/Frameworks";
				PRODUCT_BUNDLE_IDENTIFIER = com.example.ChartRocks;
				PRODUCT_NAME = "$(TARGET_NAME)";
				SWIFT_VERSION = 4.0;
				TARGETED_DEVICE_FAMILY = "1,2";
			};
			name = Release;
		};
/* End XCBuildConfiguration section */

/* Begin XCConfigurationList section */
		CF5CD1C61F8AAFE00027F7DA /* Build configuration list for PBXProject "ChartRocks" */ = {
			isa = XCConfigurationList;
			buildConfigurations = (
				CF5CD1DB1F8AAFE10027F7DA /* Debug */,
				CF5CD1DC1F8AAFE10027F7DA /* Release */,
			);
			defaultConfigurationIsVisible = 0;
			defaultConfigurationName = Release;
		};
		CF5CD1DD1F8AAFE10027F7DA /* Build configuration list for PBXNativeTarget "ChartRocks" */ = {
			isa = XCConfigurationList;
			buildConfigurations = (
				CF5CD1DE1F8AAFE10027F7DA /* Debug */,
				CF5CD1DF1F8AAFE10027F7DA /* Release */,
			);
			defaultConfigurationIsVisible = 0;
			defaultConfigurationName = Release;
		};
/* End XCConfigurationList section */
	};
	rootObject = CF5CD1C31F8AAFE00027F7DA /* Project object */;
}
